
Microsoft Visual Studio Solution File, Format Version 12.00
# Visual Studio 15
VisualStudioVersion = 15.0.27004.2009
MinimumVisualStudioVersion = 10.0.40219.1
Project("{8BC9CEB8-8B4A-11D0-8D11-00A0C91BC942}") = "eyeTracker", "eyeTracker\eyeTracker.vcxproj", "{513F0B31-558A-4500-9665-684198563B07}"
EndProject
Global
	GlobalSection(SolutionConfigurationPlatforms) = preSolution
		Debug|x64 = Debug|x64
		Debug|x86 = Debug|x86
		Release|x64 = Release|x64
		Release|x86 = Release|x86
	EndGlobalSection
	GlobalSection(ProjectConfigurationPlatforms) = postSolution
		{513F0B31-558A-4500-9665-684198563B07}.Debug|x64.ActiveCfg = Debug|x64
		{513F0B31-558A-4500-9665-684198563B07}.Debug|x64.Build.0 = Debug|x64
		{513F0B31-558A-4500-9665-684198563B07}.Debug|x86.ActiveCfg = Debug|Win32
		{513F0B31-558A-4500-9665-684198563B07}.Debug|x86.Build.0 = Debug|Win32
		{513F0B31-558A-4500-9665-684198563B07}.Release|x64.ActiveCfg = Release|x64
		{513F0B31-558A-4500-9665-684198563B07}.Release|x64.Build.0 = Release|x64
		{513F0B31-558A-4500-9665-684198563B07}.Release|x86.ActiveCfg = Release|Win32
		{513F0B31-558A-4500-9665-684198563B07}.Release|x86.Build.0 = Release|Win32
	EndGlobalSection
	GlobalSection(SolutionProperties) = preSolution
		HideSolutionNode = FALSE
	EndGlobalSection
	GlobalSection(ExtensibilityGlobals) = postSolution
		SolutionGuid = {DDFCBB67-3B54-4920-98CC-28DB55764180}
	EndGlobalSection
EndGlobal
